{
  "requires": true,
  "lockfileVersion": 1,
  "dependencies": {
    "ts-md5": {
      "version": "1.2.9",
      "resolved": "https://registry.npmjs.org/ts-md5/-/ts-md5-1.2.9.tgz",
      "integrity": "sha512-/Efr7ZfGf8P+d9HXh0PLQD1CDipqD8j9apCFG96pODDoEaFLxXpV4En6tAc6y3fWyfhFGrqtNBRBS+eLVIB2uQ=="
    }
  }
}
